
Microsoft Visual Studio Solution File, Format Version 12.00
# Visual Studio Version 16
VisualStudioVersion = 16.0.30320.27
MinimumVisualStudioVersion = 10.0.40219.1
Project("{FAE04EC0-301F-11D3-BF4B-00C04F79EFBC}") = "projeto-teste", "projeto-teste.csproj", "{64D70826-D550-4B41-9872-9A75215860CC}"
EndProject
Global
	GlobalSection(SolutionConfigurationPlatforms) = preSolution
		Debug|Any CPU = Debug|Any CPU
		Release|Any CPU = Release|Any CPU
	EndGlobalSection
	GlobalSection(ProjectConfigurationPlatforms) = postSolution
		{64D70826-D550-4B41-9872-9A75215860CC}.Debug|Any CPU.ActiveCfg = Debug|Any CPU
		{64D70826-D550-4B41-9872-9A75215860CC}.Debug|Any CPU.Build.0 = Debug|Any CPU
		{64D70826-D550-4B41-9872-9A75215860CC}.Release|Any CPU.ActiveCfg = Release|Any CPU
		{64D70826-D550-4B41-9872-9A75215860CC}.Release|Any CPU.Build.0 = Release|Any CPU
	EndGlobalSection
	GlobalSection(SolutionProperties) = preSolution
		HideSolutionNode = FALSE
	EndGlobalSection
	GlobalSection(ExtensibilityGlobals) = postSolution
		SolutionGuid = {E5F8CA08-E48B-40BA-A3F8-EA3740BB77D1}
	EndGlobalSection
EndGlobal
